
Microsoft Visual Studio Solution File, Format Version 12.00
# Visual Studio 2012
Project("{FAE04EC0-301F-11D3-BF4B-00C04F79EFBC}") = "Guanajoven", "Guanajoven\Guanajoven.csproj", "{FB267C11-3F00-4E38-8A9A-D43B641037D4}"
EndProject
Project("{FAE04EC0-301F-11D3-BF4B-00C04F79EFBC}") = "Guanajoven.iOS", "iOS\Guanajoven.iOS.csproj", "{1315BADC-5285-4B5D-9045-6A9B41469E54}"
EndProject
Global
	GlobalSection(SolutionConfigurationPlatforms) = preSolution
		Debug|Any CPU = Debug|Any CPU
		Release|Any CPU = Release|Any CPU
		Debug|iPhoneSimulator = Debug|iPhoneSimulator
		Release|iPhone = Release|iPhone
		Release|iPhoneSimulator = Release|iPhoneSimulator
		Debug|iPhone = Debug|iPhone
	EndGlobalSection
	GlobalSection(ProjectConfigurationPlatforms) = postSolution
		{FB267C11-3F00-4E38-8A9A-D43B641037D4}.Debug|Any CPU.ActiveCfg = Debug|Any CPU
		{FB267C11-3F00-4E38-8A9A-D43B641037D4}.Debug|Any CPU.Build.0 = Debug|Any CPU
		{FB267C11-3F00-4E38-8A9A-D43B641037D4}.Release|Any CPU.ActiveCfg = Release|Any CPU
		{FB267C11-3F00-4E38-8A9A-D43B641037D4}.Release|Any CPU.Build.0 = Release|Any CPU
		{FB267C11-3F00-4E38-8A9A-D43B641037D4}.Debug|iPhoneSimulator.ActiveCfg = Debug|Any CPU
		{FB267C11-3F00-4E38-8A9A-D43B641037D4}.Debug|iPhoneSimulator.Build.0 = Debug|Any CPU
		{FB267C11-3F00-4E38-8A9A-D43B641037D4}.Release|iPhone.ActiveCfg = Release|Any CPU
		{FB267C11-3F00-4E38-8A9A-D43B641037D4}.Release|iPhone.Build.0 = Release|Any CPU
		{FB267C11-3F00-4E38-8A9A-D43B641037D4}.Release|iPhoneSimulator.ActiveCfg = Release|Any CPU
		{FB267C11-3F00-4E38-8A9A-D43B641037D4}.Release|iPhoneSimulator.Build.0 = Release|Any CPU
		{FB267C11-3F00-4E38-8A9A-D43B641037D4}.Debug|iPhone.ActiveCfg = Debug|Any CPU
		{FB267C11-3F00-4E38-8A9A-D43B641037D4}.Debug|iPhone.Build.0 = Debug|Any CPU
		{1315BADC-5285-4B5D-9045-6A9B41469E54}.Debug|Any CPU.ActiveCfg = Debug|iPhoneSimulator
		{1315BADC-5285-4B5D-9045-6A9B41469E54}.Debug|Any CPU.Build.0 = Debug|iPhoneSimulator
		{1315BADC-5285-4B5D-9045-6A9B41469E54}.Release|Any CPU.ActiveCfg = Release|iPhone
		{1315BADC-5285-4B5D-9045-6A9B41469E54}.Release|Any CPU.Build.0 = Release|iPhone
		{1315BADC-5285-4B5D-9045-6A9B41469E54}.Debug|iPhoneSimulator.ActiveCfg = Debug|iPhoneSimulator
		{1315BADC-5285-4B5D-9045-6A9B41469E54}.Debug|iPhoneSimulator.Build.0 = Debug|iPhoneSimulator
		{1315BADC-5285-4B5D-9045-6A9B41469E54}.Release|iPhone.ActiveCfg = Release|iPhone
		{1315BADC-5285-4B5D-9045-6A9B41469E54}.Release|iPhone.Build.0 = Release|iPhone
		{1315BADC-5285-4B5D-9045-6A9B41469E54}.Release|iPhoneSimulator.ActiveCfg = Release|iPhoneSimulator
		{1315BADC-5285-4B5D-9045-6A9B41469E54}.Release|iPhoneSimulator.Build.0 = Release|iPhoneSimulator
		{1315BADC-5285-4B5D-9045-6A9B41469E54}.Debug|iPhone.ActiveCfg = Debug|iPhone
		{1315BADC-5285-4B5D-9045-6A9B41469E54}.Debug|iPhone.Build.0 = Debug|iPhone
	EndGlobalSection
EndGlobal
